
Microsoft Visual Studio Solution File, Format Version 12.00
# Visual Studio Version 17
VisualStudioVersion = 17.2.32526.322
MinimumVisualStudioVersion = 15.0.26124.0
Project("{9A19103F-16F7-4668-BE54-9A1E7A4F7556}") = "Publisher", "Publisher\Publisher.csproj", "{7742478D-7E0B-47ED-8ABE-15900F4E860A}"
EndProject
Global
	GlobalSection(SolutionConfigurationPlatforms) = preSolution
		Debug|Any CPU = Debug|Any CPU
		Release|Any CPU = Release|Any CPU
	EndGlobalSection
	GlobalSection(ProjectConfigurationPlatforms) = postSolution
		{7742478D-7E0B-47ED-8ABE-15900F4E860A}.Debug|Any CPU.ActiveCfg = Debug|Any CPU
		{7742478D-7E0B-47ED-8ABE-15900F4E860A}.Debug|Any CPU.Build.0 = Debug|Any CPU
		{7742478D-7E0B-47ED-8ABE-15900F4E860A}.Release|Any CPU.ActiveCfg = Release|Any CPU
		{7742478D-7E0B-47ED-8ABE-15900F4E860A}.Release|Any CPU.Build.0 = Release|Any CPU
	EndGlobalSection
	GlobalSection(SolutionProperties) = preSolution
		HideSolutionNode = FALSE
	EndGlobalSection
	GlobalSection(ExtensibilityGlobals) = postSolution
		SolutionGuid = {4B08AB5B-ED41-43FC-9250-801844811898}
	EndGlobalSection
EndGlobal
